// !$*UTF8*$!
{
	archiveVersion = 1;
	classes = {
	};
	objectVersion = 55;
	objects = {

/* Begin PBXBuildFile section */
		AD3ACFA2289A9D9A005E4147 /* GameViewDelegateProtocol.swift in Sources */ = {isa = PBXBuildFile; fileRef = AD3ACFA1289A9D9A005E4147 /* GameViewDelegateProtocol.swift */; };
		AD3ACFA4289AA03B005E4147 /* RecordsViewController.swift in Sources */ = {isa = PBXBuildFile; fileRef = AD3ACFA3289AA03B005E4147 /* RecordsViewController.swift */; };
		AD3ACFA6289AA10F005E4147 /* RecordTableViewCell.swift in Sources */ = {isa = PBXBuildFile; fileRef = AD3ACFA5289AA10F005E4147 /* RecordTableViewCell.swift */; };
		AD3ACFA8289AD17D005E4147 /* GameCaretaker.swift in Sources */ = {isa = PBXBuildFile; fileRef = AD3ACFA7289AD17D005E4147 /* GameCaretaker.swift */; };
		ADA0BD06289A77CA009748E2 /* AppDelegate.swift in Sources */ = {isa = PBXBuildFile; fileRef = ADA0BD05289A77CA009748E2 /* AppDelegate.swift */; };
		ADA0BD08289A77CA009748E2 /* SceneDelegate.swift in Sources */ = {isa = PBXBuildFile; fileRef = ADA0BD07289A77CA009748E2 /* SceneDelegate.swift */; };
		ADA0BD0A289A77CA009748E2 /* ViewController.swift in Sources */ = {isa = PBXBuildFile; fileRef = ADA0BD09289A77CA009748E2 /* ViewController.swift */; };
		ADA0BD0D289A77CA009748E2 /* Main.storyboard in Resources */ = {isa = PBXBuildFile; fileRef = ADA0BD0B289A77CA009748E2 /* Main.storyboard */; };
		ADA0BD0F289A77CC009748E2 /* Assets.xcassets in Resources */ = {isa = PBXBuildFile; fileRef = ADA0BD0E289A77CC009748E2 /* Assets.xcassets */; };
		ADA0BD12289A77CC009748E2 /* LaunchScreen.storyboard in Resources */ = {isa = PBXBuildFile; fileRef = ADA0BD10289A77CC009748E2 /* LaunchScreen.storyboard */; };
		ADA0BD1C289A78DC009748E2 /* Game.swift in Sources */ = {isa = PBXBuildFile; fileRef = ADA0BD1B289A78DC009748E2 /* Game.swift */; };
		ADA0BD1E289A7935009748E2 /* GameSession.swift in Sources */ = {isa = PBXBuildFile; fileRef = ADA0BD1D289A7935009748E2 /* GameSession.swift */; };
		ADA0BD20289A8849009748E2 /* Question.swift in Sources */ = {isa = PBXBuildFile; fileRef = ADA0BD1F289A8849009748E2 /* Question.swift */; };
		ADA0BD25289A8930009748E2 /* GameViewController.swift in Sources */ = {isa = PBXBuildFile; fileRef = ADA0BD24289A8930009748E2 /* GameViewController.swift */; };
/* End PBXBuildFile section */

/* Begin PBXFileReference section */
		AD3ACFA1289A9D9A005E4147 /* GameViewDelegateProtocol.swift */ = {isa = PBXFileReference; lastKnownFileType = sourcecode.swift; path = GameViewDelegateProtocol.swift; sourceTree = "<group>"; };
		AD3ACFA3289AA03B005E4147 /* RecordsViewController.swift */ = {isa = PBXFileReference; lastKnownFileType = sourcecode.swift; path = RecordsViewController.swift; sourceTree = "<group>"; };
		AD3ACFA5289AA10F005E4147 /* RecordTableViewCell.swift */ = {isa = PBXFileReference; lastKnownFileType = sourcecode.swift; path = RecordTableViewCell.swift; sourceTree = "<group>"; };
		AD3ACFA7289AD17D005E4147 /* GameCaretaker.swift */ = {isa = PBXFileReference; lastKnownFileType = sourcecode.swift; path = GameCaretaker.swift; sourceTree = "<group>"; };
		ADA0BD02289A77CA009748E2 /* MillionaireApp.app */ = {isa = PBXFileReference; explicitFileType = wrapper.application; includeInIndex = 0; path = MillionaireApp.app; sourceTree = BUILT_PRODUCTS_DIR; };
		ADA0BD05289A77CA009748E2 /* AppDelegate.swift */ = {isa = PBXFileReference; lastKnownFileType = sourcecode.swift; path = AppDelegate.swift; sourceTree = "<group>"; };
		ADA0BD07289A77CA009748E2 /* SceneDelegate.swift */ = {isa = PBXFileReference; lastKnownFileType = sourcecode.swift; path = SceneDelegate.swift; sourceTree = "<group>"; };
		ADA0BD09289A77CA009748E2 /* ViewController.swift */ = {isa = PBXFileReference; lastKnownFileType = sourcecode.swift; path = ViewController.swift; sourceTree = "<group>"; };
		ADA0BD0C289A77CA009748E2 /* Base */ = {isa = PBXFileReference; lastKnownFileType = file.storyboard; name = Base; path = Base.lproj/Main.storyboard; sourceTree = "<group>"; };
		ADA0BD0E289A77CC009748E2 /* Assets.xcassets */ = {isa = PBXFileReference; lastKnownFileType = folder.assetcatalog; path = Assets.xcassets; sourceTree = "<group>"; };
		ADA0BD11289A77CC009748E2 /* Base */ = {isa = PBXFileReference; lastKnownFileType = file.storyboard; name = Base; path = Base.lproj/LaunchScreen.storyboard; sourceTree = "<group>"; };
		ADA0BD13289A77CC009748E2 /* Info.plist */ = {isa = PBXFileReference; lastKnownFileType = text.plist.xml; path = Info.plist; sourceTree = "<group>"; };
		ADA0BD1B289A78DC009748E2 /* Game.swift */ = {isa = PBXFileReference; lastKnownFileType = sourcecode.swift; path = Game.swift; sourceTree = "<group>"; };
		ADA0BD1D289A7935009748E2 /* GameSession.swift */ = {isa = PBXFileReference; lastKnownFileType = sourcecode.swift; path = GameSession.swift; sourceTree = "<group>"; };
		ADA0BD1F289A8849009748E2 /* Question.swift */ = {isa = PBXFileReference; lastKnownFileType = sourcecode.swift; path = Question.swift; sourceTree = "<group>"; };
		ADA0BD24289A8930009748E2 /* GameViewController.swift */ = {isa = PBXFileReference; lastKnownFileType = sourcecode.swift; path = GameViewController.swift; sourceTree = "<group>"; };
/* End PBXFileReference section */

/* Begin PBXFrameworksBuildPhase section */
		ADA0BCFF289A77CA009748E2 /* Frameworks */ = {
			isa = PBXFrameworksBuildPhase;
			buildActionMask = 2147483647;
			files = (
			);
			runOnlyForDeploymentPostprocessing = 0;
		};
/* End PBXFrameworksBuildPhase section */

/* Begin PBXGroup section */
		ADA0BCF9289A77CA009748E2 = {
			isa = PBXGroup;
			children = (
				ADA0BD04289A77CA009748E2 /* MillionaireApp */,
				ADA0BD03289A77CA009748E2 /* Products */,
			);
			sourceTree = "<group>";
		};
		ADA0BD03289A77CA009748E2 /* Products */ = {
			isa = PBXGroup;
			children = (
				ADA0BD02289A77CA009748E2 /* MillionaireApp.app */,
			);
			name = Products;
			sourceTree = "<group>";
		};
		ADA0BD04289A77CA009748E2 /* MillionaireApp */ = {
			isa = PBXGroup;
			children = (
				ADA0BD21289A88B6009748E2 /* Model */,
				ADA0BD22289A88C1009748E2 /* View */,
				ADA0BD23289A88C7009748E2 /* Controller */,
				ADA0BD05289A77CA009748E2 /* AppDelegate.swift */,
				ADA0BD0E289A77CC009748E2 /* Assets.xcassets */,
				ADA0BD10289A77CC009748E2 /* LaunchScreen.storyboard */,
				ADA0BD13289A77CC009748E2 /* Info.plist */,
			);
			path = MillionaireApp;
			sourceTree = "<group>";
		};
		ADA0BD21289A88B6009748E2 /* Model */ = {
			isa = PBXGroup;
			children = (
				ADA0BD1D289A7935009748E2 /* GameSession.swift */,
				ADA0BD1B289A78DC009748E2 /* Game.swift */,
				ADA0BD1F289A8849009748E2 /* Question.swift */,
				AD3ACFA7289AD17D005E4147 /* GameCaretaker.swift */,
			);
			path = Model;
			sourceTree = "<group>";
		};
		ADA0BD22289A88C1009748E2 /* View */ = {
			isa = PBXGroup;
			children = (
				ADA0BD07289A77CA009748E2 /* SceneDelegate.swift */,
				ADA0BD0B289A77CA009748E2 /* Main.storyboard */,
			);
			path = View;
			sourceTree = "<group>";
		};
		ADA0BD23289A88C7009748E2 /* Controller */ = {
			isa = PBXGroup;
			children = (
				ADA0BD09289A77CA009748E2 /* ViewController.swift */,
				ADA0BD24289A8930009748E2 /* GameViewController.swift */,
				AD3ACFA1289A9D9A005E4147 /* GameViewDelegateProtocol.swift */,
				AD3ACFA3289AA03B005E4147 /* RecordsViewController.swift */,
				AD3ACFA5289AA10F005E4147 /* RecordTableViewCell.swift */,
			);
			path = Controller;
			sourceTree = "<group>";
		};
/* End PBXGroup section */

/* Begin PBXNativeTarget section */
		ADA0BD01289A77CA009748E2 /* MillionaireApp */ = {
			isa = PBXNativeTarget;
			buildConfigurationList = ADA0BD16289A77CC009748E2 /* Build configuration list for PBXNativeTarget "MillionaireApp" */;
			buildPhases = (
				ADA0BCFE289A77CA009748E2 /* Sources */,
				ADA0BCFF289A77CA009748E2 /* Frameworks */,
				ADA0BD00289A77CA009748E2 /* Resources */,
			);
			buildRules = (
			);
			dependencies = (
			);
			name = MillionaireApp;
			productName = MillionaireApp;
			productReference = ADA0BD02289A77CA009748E2 /* MillionaireApp.app */;
			productType = "com.apple.product-type.application";
		};
/* End PBXNativeTarget section */

/* Begin PBXProject section */
		ADA0BCFA289A77CA009748E2 /* Project object */ = {
			isa = PBXProject;
			attributes = {
				BuildIndependentTargetsInParallel = 1;
				LastSwiftUpdateCheck = 1340;
				LastUpgradeCheck = 1340;
				TargetAttributes = {
					ADA0BD01289A77CA009748E2 = {
						CreatedOnToolsVersion = 13.4.1;
					};
				};
			};
			buildConfigurationList = ADA0BCFD289A77CA009748E2 /* Build configuration list for PBXProject "MillionaireApp" */;
			compatibilityVersion = "Xcode 13.0";
			developmentRegion = en;
			hasScannedForEncodings = 0;
			knownRegions = (
				en,
				Base,
			);
			mainGroup = ADA0BCF9289A77CA009748E2;
			productRefGroup = ADA0BD03289A77CA009748E2 /* Products */;
			projectDirPath = "";
			projectRoot = "";
			targets = (
				ADA0BD01289A77CA009748E2 /* MillionaireApp */,
			);
		};
/* End PBXProject section */

/* Begin PBXResourcesBuildPhase section */
		ADA0BD00289A77CA009748E2 /* Resources */ = {
			isa = PBXResourcesBuildPhase;
			buildActionMask = 2147483647;
			files = (
				ADA0BD12289A77CC009748E2 /* LaunchScreen.storyboard in Resources */,
				ADA0BD0F289A77CC009748E2 /* Assets.xcassets in Resources */,
				ADA0BD0D289A77CA009748E2 /* Main.storyboard in Resources */,
			);
			runOnlyForDeploymentPostprocessing = 0;
		};
/* End PBXResourcesBuildPhase section */

/* Begin PBXSourcesBuildPhase section */
		ADA0BCFE289A77CA009748E2 /* Sources */ = {
			isa = PBXSourcesBuildPhase;
			buildActionMask = 2147483647;
			files = (
				ADA0BD25289A8930009748E2 /* GameViewController.swift in Sources */,
				AD3ACFA8289AD17D005E4147 /* GameCaretaker.swift in Sources */,
				ADA0BD0A289A77CA009748E2 /* ViewController.swift in Sources */,
				AD3ACFA4289AA03B005E4147 /* RecordsViewController.swift in Sources */,
				ADA0BD06289A77CA009748E2 /* AppDelegate.swift in Sources */,
				AD3ACFA2289A9D9A005E4147 /* GameViewDelegateProtocol.swift in Sources */,
				ADA0BD1E289A7935009748E2 /* GameSession.swift in Sources */,
				ADA0BD20289A8849009748E2 /* Question.swift in Sources */,
				ADA0BD08289A77CA009748E2 /* SceneDelegate.swift in Sources */,
				AD3ACFA6289AA10F005E4147 /* RecordTableViewCell.swift in Sources */,
				ADA0BD1C289A78DC009748E2 /* Game.swift in Sources */,
			);
			runOnlyForDeploymentPostprocessing = 0;
		};
/* End PBXSourcesBuildPhase section */

/* Begin PBXVariantGroup section */
		ADA0BD0B289A77CA009748E2 /* Main.storyboard */ = {
			isa = PBXVariantGroup;
			children = (
				ADA0BD0C289A77CA009748E2 /* Base */,
			);
			name = Main.storyboard;
			sourceTree = "<group>";
		};
		ADA0BD10289A77CC009748E2 /* LaunchScreen.storyboard */ = {
			isa = PBXVariantGroup;
			children = (
				ADA0BD11289A77CC009748E2 /* Base */,
			);
			name = LaunchScreen.storyboard;
			sourceTree = "<group>";
		};
/* End PBXVariantGroup section */

/* Begin XCBuildConfiguration section */
		ADA0BD14289A77CC009748E2 /* Debug */ = {
			isa = XCBuildConfiguration;
			buildSettings = {
				ALWAYS_SEARCH_USER_PATHS = NO;
				CLANG_ANALYZER_NONNULL = YES;
				CLANG_ANALYZER_NUMBER_OBJECT_CONVERSION = YES_AGGRESSIVE;
				CLANG_CXX_LANGUAGE_STANDARD = "gnu++17";
				CLANG_ENABLE_MODULES = YES;
				CLANG_ENABLE_OBJC_ARC = YES;
				CLANG_ENABLE_OBJC_WEAK = YES;
				CLANG_WARN_BLOCK_CAPTURE_AUTORELEASING = YES;
				CLANG_WARN_BOOL_CONVERSION = YES;
				CLANG_WARN_COMMA = YES;
				CLANG_WARN_CONSTANT_CONVERSION = YES;
				CLANG_WARN_DEPRECATED_OBJC_IMPLEMENTATIONS = YES;
				CLANG_WARN_DIRECT_OBJC_ISA_USAGE = YES_ERROR;
				CLANG_WARN_DOCUMENTATION_COMMENTS = YES;
				CLANG_WARN_EMPTY_BODY = YES;
				CLANG_WARN_ENUM_CONVERSION = YES;
				CLANG_WARN_INFINITE_RECURSION = YES;
				CLANG_WARN_INT_CONVERSION = YES;
				CLANG_WARN_NON_LITERAL_NULL_CONVERSION = YES;
				CLANG_WARN_OBJC_IMPLICIT_RETAIN_SELF = YES;
				CLANG_WARN_OBJC_LITERAL_CONVERSION = YES;
				CLANG_WARN_OBJC_ROOT_CLASS = YES_ERROR;
				CLANG_WARN_QUOTED_INCLUDE_IN_FRAMEWORK_HEADER = YES;
				CLANG_WARN_RANGE_LOOP_ANALYSIS = YES;
				CLANG_WARN_STRICT_PROTOTYPES = YES;
				CLANG_WARN_SUSPICIOUS_MOVE = YES;
				CLANG_WARN_UNGUARDED_AVAILABILITY = YES_AGGRESSIVE;
				CLANG_WARN_UNREACHABLE_CODE = YES;
				CLANG_WARN__DUPLICATE_METHOD_MATCH = YES;
				COPY_PHASE_STRIP = NO;
				DEBUG_INFORMATION_FORMAT = dwarf;
				ENABLE_STRICT_OBJC_MSGSEND = YES;
				ENABLE_TESTABILITY = YES;
				GCC_C_LANGUAGE_STANDARD = gnu11;
				GCC_DYNAMIC_NO_PIC = NO;
				GCC_NO_COMMON_BLOCKS = YES;
				GCC_OPTIMIZATION_LEVEL = 0;
				GCC_PREPROCESSOR_DEFINITIONS = (
					"DEBUG=1",
					"$(inherited)",
				);
				GCC_WARN_64_TO_32_BIT_CONVERSION = YES;
				GCC_WARN_ABOUT_RETURN_TYPE = YES_ERROR;
				GCC_WARN_UNDECLARED_SELECTOR = YES;
				GCC_WARN_UNINITIALIZED_AUTOS = YES_AGGRESSIVE;
				GCC_WARN_UNUSED_FUNCTION = YES;
				GCC_WARN_UNUSED_VARIABLE = YES;
				IPHONEOS_DEPLOYMENT_TARGET = 15.5;
				MTL_ENABLE_DEBUG_INFO = INCLUDE_SOURCE;
				MTL_FAST_MATH = YES;
				ONLY_ACTIVE_ARCH = YES;
				SDKROOT = iphoneos;
				SWIFT_ACTIVE_COMPILATION_CONDITIONS = DEBUG;
				SWIFT_OPTIMIZATION_LEVEL = "-Onone";
			};
			name = Debug;
		};
		ADA0BD15289A77CC009748E2 /* Release */ = {
			isa = XCBuildConfiguration;
			buildSettings = {
				ALWAYS_SEARCH_USER_PATHS = NO;
				CLANG_ANALYZER_NONNULL = YES;
				CLANG_ANALYZER_NUMBER_OBJECT_CONVERSION = YES_AGGRESSIVE;
				CLANG_CXX_LANGUAGE_STANDARD = "gnu++17";
				CLANG_ENABLE_MODULES = YES;
				CLANG_ENABLE_OBJC_ARC = YES;
				CLANG_ENABLE_OBJC_WEAK = YES;
				CLANG_WARN_BLOCK_CAPTURE_AUTORELEASING = YES;
				CLANG_WARN_BOOL_CONVERSION = YES;
				CLANG_WARN_COMMA = YES;
				CLANG_WARN_CONSTANT_CONVERSION = YES;
				CLANG_WARN_DEPRECATED_OBJC_IMPLEMENTATIONS = YES;
				CLANG_WARN_DIRECT_OBJC_ISA_USAGE = YES_ERROR;
				CLANG_WARN_DOCUMENTATION_COMMENTS = YES;
				CLANG_WARN_EMPTY_BODY = YES;
				CLANG_WARN_ENUM_CONVERSION = YES;
				CLANG_WARN_INFINITE_RECURSION = YES;
				CLANG_WARN_INT_CONVERSION = YES;
				CLANG_WARN_NON_LITERAL_NULL_CONVERSION = YES;
				CLANG_WARN_OBJC_IMPLICIT_RETAIN_SELF = YES;
				CLANG_WARN_OBJC_LITERAL_CONVERSION = YES;
				CLANG_WARN_OBJC_ROOT_CLASS = YES_ERROR;
				CLANG_WARN_QUOTED_INCLUDE_IN_FRAMEWORK_HEADER = YES;
				CLANG_WARN_RANGE_LOOP_ANALYSIS = YES;
				CLANG_WARN_STRICT_PROTOTYPES = YES;
				CLANG_WARN_SUSPICIOUS_MOVE = YES;
				CLANG_WARN_UNGUARDED_AVAILABILITY = YES_AGGRESSIVE;
				CLANG_WARN_UNREACHABLE_CODE = YES;
				CLANG_WARN__DUPLICATE_METHOD_MATCH = YES;
				COPY_PHASE_STRIP = NO;
				DEBUG_INFORMATION_FORMAT = "dwarf-with-dsym";
				ENABLE_NS_ASSERTIONS = NO;
				ENABLE_STRICT_OBJC_MSGSEND = YES;
				GCC_C_LANGUAGE_STANDARD = gnu11;
				GCC_NO_COMMON_BLOCKS = YES;
				GCC_WARN_64_TO_32_BIT_CONVERSION = YES;
				GCC_WARN_ABOUT_RETURN_TYPE = YES_ERROR;
				GCC_WARN_UNDECLARED_SELECTOR = YES;
				GCC_WARN_UNINITIALIZED_AUTOS = YES_AGGRESSIVE;
				GCC_WARN_UNUSED_FUNCTION = YES;
				GCC_WARN_UNUSED_VARIABLE = YES;
				IPHONEOS_DEPLOYMENT_TARGET = 15.5;
				MTL_ENABLE_DEBUG_INFO = NO;
				MTL_FAST_MATH = YES;
				SDKROOT = iphoneos;
				SWIFT_COMPILATION_MODE = wholemodule;
				SWIFT_OPTIMIZATION_LEVEL = "-O";
				VALIDATE_PRODUCT = YES;
			};
			name = Release;
		};
		ADA0BD17289A77CC009748E2 /* Debug */ = {
			isa = XCBuildConfiguration;
			buildSettings = {
				ASSETCATALOG_COMPILER_APPICON_NAME = AppIcon;
				ASSETCATALOG_COMPILER_GLOBAL_ACCENT_COLOR_NAME = AccentColor;
				CODE_SIGN_STYLE = Automatic;
				CURRENT_PROJECT_VERSION = 1;
				DEVELOPMENT_TEAM = 8B29PPTYV5;
				GENERATE_INFOPLIST_FILE = YES;
				INFOPLIST_FILE = MillionaireApp/Info.plist;
				INFOPLIST_KEY_UIApplicationSupportsIndirectInputEvents = YES;
				INFOPLIST_KEY_UILaunchStoryboardName = LaunchScreen;
				INFOPLIST_KEY_UIMainStoryboardFile = Main;
				INFOPLIST_KEY_UISupportedInterfaceOrientations_iPad = "UIInterfaceOrientationPortrait UIInterfaceOrientationPortraitUpsideDown UIInterfaceOrientationLandscapeLeft UIInterfaceOrientationLandscapeRight";
				INFOPLIST_KEY_UISupportedInterfaceOrientations_iPhone = "UIInterfaceOrientationPortrait UIInterfaceOrientationLandscapeLeft UIInterfaceOrientationLandscapeRight";
				LD_RUNPATH_SEARCH_PATHS = (
					"$(inherited)",
					"@executable_path/Frameworks",
				);
				MARKETING_VERSION = 1.0;
				PRODUCT_BUNDLE_IDENTIFIER = com.myorganization.MillionaireApp;
				PRODUCT_NAME = "$(TARGET_NAME)";
				SWIFT_EMIT_LOC_STRINGS = YES;
				SWIFT_VERSION = 5.0;
				TARGETED_DEVICE_FAMILY = "1,2";
			};
			name = Debug;
		};
		ADA0BD18289A77CC009748E2 /* Release */ = {
			isa = XCBuildConfiguration;
			buildSettings = {
				ASSETCATALOG_COMPILER_APPICON_NAME = AppIcon;
				ASSETCATALOG_COMPILER_GLOBAL_ACCENT_COLOR_NAME = AccentColor;
				CODE_SIGN_STYLE = Automatic;
				CURRENT_PROJECT_VERSION = 1;
				DEVELOPMENT_TEAM = 8B29PPTYV5;
				GENERATE_INFOPLIST_FILE = YES;
				INFOPLIST_FILE = MillionaireApp/Info.plist;
				INFOPLIST_KEY_UIApplicationSupportsIndirectInputEvents = YES;
				INFOPLIST_KEY_UILaunchStoryboardName = LaunchScreen;
				INFOPLIST_KEY_UIMainStoryboardFile = Main;
				INFOPLIST_KEY_UISupportedInterfaceOrientations_iPad = "UIInterfaceOrientationPortrait UIInterfaceOrientationPortraitUpsideDown UIInterfaceOrientationLandscapeLeft UIInterfaceOrientationLandscapeRight";
				INFOPLIST_KEY_UISupportedInterfaceOrientations_iPhone = "UIInterfaceOrientationPortrait UIInterfaceOrientationLandscapeLeft UIInterfaceOrientationLandscapeRight";
				LD_RUNPATH_SEARCH_PATHS = (
					"$(inherited)",
					"@executable_path/Frameworks",
				);
				MARKETING_VERSION = 1.0;
				PRODUCT_BUNDLE_IDENTIFIER = com.myorganization.MillionaireApp;
				PRODUCT_NAME = "$(TARGET_NAME)";
				SWIFT_EMIT_LOC_STRINGS = YES;
				SWIFT_VERSION = 5.0;
				TARGETED_DEVICE_FAMILY = "1,2";
			};
			name = Release;
		};
/* End XCBuildConfiguration section */

/* Begin XCConfigurationList section */
		ADA0BCFD289A77CA009748E2 /* Build configuration list for PBXProject "MillionaireApp" */ = {
			isa = XCConfigurationList;
			buildConfigurations = (
				ADA0BD14289A77CC009748E2 /* Debug */,
				ADA0BD15289A77CC009748E2 /* Release */,
			);
			defaultConfigurationIsVisible = 0;
			defaultConfigurationName = Release;
		};
		ADA0BD16289A77CC009748E2 /* Build configuration list for PBXNativeTarget "MillionaireApp" */ = {
			isa = XCConfigurationList;
			buildConfigurations = (
				ADA0BD17289A77CC009748E2 /* Debug */,
				ADA0BD18289A77CC009748E2 /* Release */,
			);
			defaultConfigurationIsVisible = 0;
			defaultConfigurationName = Release;
		};
/* End XCConfigurationList section */
	};
	rootObject = ADA0BCFA289A77CA009748E2 /* Project object */;
}
